
Microsoft Visual Studio Solution File, Format Version 12.00
Project("{2150E333-8FDC-42A3-9474-1A3956D46DE8}") = "Session1", "Session1", "{EF0C8EC0-821A-4E64-BB58-24A49E3BCF6F}"
EndProject
Project("{FAE04EC0-301F-11D3-BF4B-00C04F79EFBC}") = "S1-Ex1", "S1-Ex1\S1-Ex1.csproj", "{E745E05D-0266-4E77-8B09-7EE9ACF6DD76}"
EndProject
Project("{FAE04EC0-301F-11D3-BF4B-00C04F79EFBC}") = "S1-Ex2", "S1-Ex2\S1-Ex2.csproj", "{477461BC-AA9E-4F5A-A91A-DB4010BA243A}"
EndProject
Project("{FAE04EC0-301F-11D3-BF4B-00C04F79EFBC}") = "S1-Ex3", "S1-Ex3\S1-Ex3.csproj", "{BC409723-6887-466F-A226-51A2D388E632}"
EndProject
Project("{FAE04EC0-301F-11D3-BF4B-00C04F79EFBC}") = "S1-Ex4", "S1-Ex4\S1-Ex4.csproj", "{6FFBD675-CF9B-4BC2-ADC0-63F0C9BBA704}"
EndProject
Project("{2150E333-8FDC-42A3-9474-1A3956D46DE8}") = "Session2", "Session2", "{B762AF28-3FAF-4FF0-BED7-549241D58436}"
EndProject
Project("{FAE04EC0-301F-11D3-BF4B-00C04F79EFBC}") = "S2-Ex1", "S2-Ex1\S2-Ex1.csproj", "{5A6D7EA8-D003-442E-BFE0-4F3191EE3F39}"
EndProject
Project("{FAE04EC0-301F-11D3-BF4B-00C04F79EFBC}") = "S2-Ex2", "S2-Ex2\S2-Ex2.csproj", "{C87FF60C-4710-420E-B566-5686A89C43A9}"
EndProject
Project("{FAE04EC0-301F-11D3-BF4B-00C04F79EFBC}") = "S2_Ex3", "S2_Ex3\S2_Ex3.csproj", "{C3417527-F455-4F1D-9747-021BDD36935A}"
EndProject
Global
	GlobalSection(SolutionConfigurationPlatforms) = preSolution
		Debug|Any CPU = Debug|Any CPU
		Release|Any CPU = Release|Any CPU
	EndGlobalSection
	GlobalSection(NestedProjects) = preSolution
		{E745E05D-0266-4E77-8B09-7EE9ACF6DD76} = {EF0C8EC0-821A-4E64-BB58-24A49E3BCF6F}
		{477461BC-AA9E-4F5A-A91A-DB4010BA243A} = {EF0C8EC0-821A-4E64-BB58-24A49E3BCF6F}
		{BC409723-6887-466F-A226-51A2D388E632} = {EF0C8EC0-821A-4E64-BB58-24A49E3BCF6F}
		{6FFBD675-CF9B-4BC2-ADC0-63F0C9BBA704} = {EF0C8EC0-821A-4E64-BB58-24A49E3BCF6F}
		{5A6D7EA8-D003-442E-BFE0-4F3191EE3F39} = {B762AF28-3FAF-4FF0-BED7-549241D58436}
		{C87FF60C-4710-420E-B566-5686A89C43A9} = {B762AF28-3FAF-4FF0-BED7-549241D58436}
		{C3417527-F455-4F1D-9747-021BDD36935A} = {B762AF28-3FAF-4FF0-BED7-549241D58436}
	EndGlobalSection
	GlobalSection(ProjectConfigurationPlatforms) = postSolution
		{E745E05D-0266-4E77-8B09-7EE9ACF6DD76}.Debug|Any CPU.ActiveCfg = Debug|Any CPU
		{E745E05D-0266-4E77-8B09-7EE9ACF6DD76}.Debug|Any CPU.Build.0 = Debug|Any CPU
		{E745E05D-0266-4E77-8B09-7EE9ACF6DD76}.Release|Any CPU.ActiveCfg = Release|Any CPU
		{E745E05D-0266-4E77-8B09-7EE9ACF6DD76}.Release|Any CPU.Build.0 = Release|Any CPU
		{477461BC-AA9E-4F5A-A91A-DB4010BA243A}.Debug|Any CPU.ActiveCfg = Debug|Any CPU
		{477461BC-AA9E-4F5A-A91A-DB4010BA243A}.Debug|Any CPU.Build.0 = Debug|Any CPU
		{477461BC-AA9E-4F5A-A91A-DB4010BA243A}.Release|Any CPU.ActiveCfg = Release|Any CPU
		{477461BC-AA9E-4F5A-A91A-DB4010BA243A}.Release|Any CPU.Build.0 = Release|Any CPU
		{BC409723-6887-466F-A226-51A2D388E632}.Debug|Any CPU.ActiveCfg = Debug|Any CPU
		{BC409723-6887-466F-A226-51A2D388E632}.Debug|Any CPU.Build.0 = Debug|Any CPU
		{BC409723-6887-466F-A226-51A2D388E632}.Release|Any CPU.ActiveCfg = Release|Any CPU
		{BC409723-6887-466F-A226-51A2D388E632}.Release|Any CPU.Build.0 = Release|Any CPU
		{6FFBD675-CF9B-4BC2-ADC0-63F0C9BBA704}.Debug|Any CPU.ActiveCfg = Debug|Any CPU
		{6FFBD675-CF9B-4BC2-ADC0-63F0C9BBA704}.Debug|Any CPU.Build.0 = Debug|Any CPU
		{6FFBD675-CF9B-4BC2-ADC0-63F0C9BBA704}.Release|Any CPU.ActiveCfg = Release|Any CPU
		{6FFBD675-CF9B-4BC2-ADC0-63F0C9BBA704}.Release|Any CPU.Build.0 = Release|Any CPU
		{5A6D7EA8-D003-442E-BFE0-4F3191EE3F39}.Debug|Any CPU.ActiveCfg = Debug|Any CPU
		{5A6D7EA8-D003-442E-BFE0-4F3191EE3F39}.Debug|Any CPU.Build.0 = Debug|Any CPU
		{5A6D7EA8-D003-442E-BFE0-4F3191EE3F39}.Release|Any CPU.ActiveCfg = Release|Any CPU
		{5A6D7EA8-D003-442E-BFE0-4F3191EE3F39}.Release|Any CPU.Build.0 = Release|Any CPU
		{C87FF60C-4710-420E-B566-5686A89C43A9}.Debug|Any CPU.ActiveCfg = Debug|Any CPU
		{C87FF60C-4710-420E-B566-5686A89C43A9}.Debug|Any CPU.Build.0 = Debug|Any CPU
		{C87FF60C-4710-420E-B566-5686A89C43A9}.Release|Any CPU.ActiveCfg = Release|Any CPU
		{C87FF60C-4710-420E-B566-5686A89C43A9}.Release|Any CPU.Build.0 = Release|Any CPU
		{C3417527-F455-4F1D-9747-021BDD36935A}.Debug|Any CPU.ActiveCfg = Debug|Any CPU
		{C3417527-F455-4F1D-9747-021BDD36935A}.Debug|Any CPU.Build.0 = Debug|Any CPU
		{C3417527-F455-4F1D-9747-021BDD36935A}.Release|Any CPU.ActiveCfg = Release|Any CPU
		{C3417527-F455-4F1D-9747-021BDD36935A}.Release|Any CPU.Build.0 = Release|Any CPU
	EndGlobalSection
EndGlobal
